
Microsoft Visual Studio Solution File, Format Version 12.00
# Visual Studio Version 16
VisualStudioVersion = 16.0.31205.134
MinimumVisualStudioVersion = 10.0.40219.1
Project("{9A19103F-16F7-4668-BE54-9A1E7A4F7556}") = "GameTogether", "GameTogether\GameTogether.csproj", "{4C308FD0-4493-4671-B9D8-E25F654EB6B7}"
EndProject
Global
	GlobalSection(SolutionConfigurationPlatforms) = preSolution
		Debug|Any CPU = Debug|Any CPU
		Release|Any CPU = Release|Any CPU
	EndGlobalSection
	GlobalSection(ProjectConfigurationPlatforms) = postSolution
		{4C308FD0-4493-4671-B9D8-E25F654EB6B7}.Debug|Any CPU.ActiveCfg = Debug|Any CPU
		{4C308FD0-4493-4671-B9D8-E25F654EB6B7}.Debug|Any CPU.Build.0 = Debug|Any CPU
		{4C308FD0-4493-4671-B9D8-E25F654EB6B7}.Release|Any CPU.ActiveCfg = Release|Any CPU
		{4C308FD0-4493-4671-B9D8-E25F654EB6B7}.Release|Any CPU.Build.0 = Release|Any CPU
	EndGlobalSection
	GlobalSection(SolutionProperties) = preSolution
		HideSolutionNode = FALSE
	EndGlobalSection
	GlobalSection(ExtensibilityGlobals) = postSolution
		SolutionGuid = {7837AA03-1C96-4B0A-A77C-A207E490D553}
	EndGlobalSection
EndGlobal
